
Microsoft Visual Studio Solution File, Format Version 12.00
# Visual Studio Version 16
VisualStudioVersion = 16.0.31729.503
MinimumVisualStudioVersion = 10.0.40219.1
Project("{8BC9CEB8-8B4A-11D0-8D11-00A0C91BC942}") = "SdlBox2DGameEngineProto", "SdlBox2DGameEngineProto\SdlBox2DGameEngineProto.vcxproj", "{174EFB6E-C504-4880-BD09-BC13F1DE5ABB}"
EndProject
Global
	GlobalSection(SolutionConfigurationPlatforms) = preSolution
		Debug|x64 = Debug|x64
		Debug|x86 = Debug|x86
		Release|x64 = Release|x64
		Release|x86 = Release|x86
	EndGlobalSection
	GlobalSection(ProjectConfigurationPlatforms) = postSolution
		{174EFB6E-C504-4880-BD09-BC13F1DE5ABB}.Debug|x64.ActiveCfg = Debug|x64
		{174EFB6E-C504-4880-BD09-BC13F1DE5ABB}.Debug|x64.Build.0 = Debug|x64
		{174EFB6E-C504-4880-BD09-BC13F1DE5ABB}.Debug|x86.ActiveCfg = Debug|Win32
		{174EFB6E-C504-4880-BD09-BC13F1DE5ABB}.Debug|x86.Build.0 = Debug|Win32
		{174EFB6E-C504-4880-BD09-BC13F1DE5ABB}.Release|x64.ActiveCfg = Release|x64
		{174EFB6E-C504-4880-BD09-BC13F1DE5ABB}.Release|x64.Build.0 = Release|x64
		{174EFB6E-C504-4880-BD09-BC13F1DE5ABB}.Release|x86.ActiveCfg = Release|Win32
		{174EFB6E-C504-4880-BD09-BC13F1DE5ABB}.Release|x86.Build.0 = Release|Win32
	EndGlobalSection
	GlobalSection(SolutionProperties) = preSolution
		HideSolutionNode = FALSE
	EndGlobalSection
	GlobalSection(ExtensibilityGlobals) = postSolution
		SolutionGuid = {9506B25C-530D-44D8-B3AD-EF6819CE608D}
	EndGlobalSection
EndGlobal
